{
  "version": "5",
  "specifiers": {
    "jsr:@deno/loader@0.3": "0.3.5",
    "jsr:@deno/rolldown-plugin@*": "0.0.10",
    "jsr:@std/assert@1": "1.0.13",
    "jsr:@std/cli@^1.0.21": "1.0.21",
    "jsr:@std/dotenv@*": "0.225.5",
    "jsr:@std/encoding@^1.0.10": "1.0.10",
    "jsr:@std/fmt@^1.0.8": "1.0.8",
    "jsr:@std/fs@^1.0.19": "1.0.19",
    "jsr:@std/html@^1.0.4": "1.0.4",
    "jsr:@std/http@*": "1.0.20",
    "jsr:@std/internal@^1.0.10": "1.0.10",
    "jsr:@std/internal@^1.0.6": "1.0.10",
    "jsr:@std/media-types@^1.1.0": "1.1.0",
    "jsr:@std/net@^1.0.4": "1.0.4",
    "jsr:@std/path@^1.1.1": "1.1.2",
    "jsr:@std/streams@^1.0.10": "1.0.11",
    "npm:@types/pg@*": "8.15.5",
    "npm:pg@8": "8.16.3",
    "npm:preact-render-to-string@6": "6.5.13_preact@10.27.0",
    "npm:preact@10": "10.27.0",
    "npm:rolldown@*": "1.0.0-beta.36"
  },
  "jsr": {
    "@deno/loader@0.3.5": {
      "integrity": "72f6ce9c6e7242c6e070705dbd8a838884dd236d5dd0bd907d08bece92db5722"
    },
    "@deno/rolldown-plugin@0.0.10": {
      "integrity": "b19d30a916b56863a638735046d540a6f0037dc1e50d3e2597b7bca0fea4b6b3",
      "dependencies": [
        "jsr:@deno/loader",
        "jsr:@std/path"
      ]
    },
    "@std/assert@1.0.13": {
      "integrity": "ae0d31e41919b12c656c742b22522c32fb26ed0cba32975cb0de2a273cb68b29",
      "dependencies": [
        "jsr:@std/internal@^1.0.6"
      ]
    },
    "@std/cli@1.0.21": {
      "integrity": "cd25b050bdf6282e321854e3822bee624f07aca7636a3a76d95f77a3a919ca2a"
    },
    "@std/dotenv@0.225.5": {
      "integrity": "9ce6f9d0ec3311f74a32535aa1b8c62ed88b1ab91b7f0815797d77a6f60c922f"
    },
    "@std/encoding@1.0.10": {
      "integrity": "8783c6384a2d13abd5e9e87a7ae0520a30e9f56aeeaa3bdf910a3eaaf5c811a1"
    },
    "@std/fmt@1.0.8": {
      "integrity": "71e1fc498787e4434d213647a6e43e794af4fd393ef8f52062246e06f7e372b7"
    },
    "@std/fs@1.0.19": {
      "integrity": "051968c2b1eae4d2ea9f79a08a3845740ef6af10356aff43d3e2ef11ed09fb06"
    },
    "@std/html@1.0.4": {
      "integrity": "eff3497c08164e6ada49b7f81a28b5108087033823153d065e3f89467dd3d50e"
    },
    "@std/http@1.0.20": {
      "integrity": "b5cc33fc001bccce65ed4c51815668c9891c69ccd908295997e983d8f56070a1",
      "dependencies": [
        "jsr:@std/cli",
        "jsr:@std/encoding",
        "jsr:@std/fmt",
        "jsr:@std/fs",
        "jsr:@std/html",
        "jsr:@std/media-types",
        "jsr:@std/net",
        "jsr:@std/path",
        "jsr:@std/streams"
      ]
    },
    "@std/internal@1.0.10": {
      "integrity": "e3be62ce42cab0e177c27698e5d9800122f67b766a0bea6ca4867886cbde8cf7"
    },
    "@std/media-types@1.1.0": {
      "integrity": "c9d093f0c05c3512932b330e3cc1fe1d627b301db33a4c2c2185c02471d6eaa4"
    },
    "@std/net@1.0.4": {
      "integrity": "2f403b455ebbccf83d8a027d29c5a9e3a2452fea39bb2da7f2c04af09c8bc852"
    },
    "@std/path@1.1.2": {
      "integrity": "c0b13b97dfe06546d5e16bf3966b1cadf92e1cc83e56ba5476ad8b498d9e3038",
      "dependencies": [
        "jsr:@std/internal@^1.0.10"
      ]
    },
    "@std/streams@1.0.11": {
      "integrity": "db583d27e28d133f389f1eec318cffdf4998305e5134c1d4b1c56b361cee6018"
    }
  },
  "npm": {
    "@emnapi/core@1.5.0": {
      "integrity": "sha512-sbP8GzB1WDzacS8fgNPpHlp6C9VZe+SJP3F90W9rLemaQj2PzIuTEl1qDOYQf58YIpyjViI24y9aPWCjEzY2cg==",
      "dependencies": [
        "@emnapi/wasi-threads",
        "tslib"
      ]
    },
    "@emnapi/runtime@1.5.0": {
      "integrity": "sha512-97/BJ3iXHww3djw6hYIfErCZFee7qCtrneuLa20UXFCOTCfBM2cvQHjWJ2EG0s0MtdNwInarqCTz35i4wWXHsQ==",
      "dependencies": [
        "tslib"
      ]
    },
    "@emnapi/wasi-threads@1.1.0": {
      "integrity": "sha512-WI0DdZ8xFSbgMjR1sFsKABJ/C5OnRrjT06JXbZKexJGrDuPTzZdDYfFlsgcCXCyf+suG5QU2e/y1Wo2V/OapLQ==",
      "dependencies": [
        "tslib"
      ]
    },
    "@napi-rs/wasm-runtime@1.0.3": {
      "integrity": "sha512-rZxtMsLwjdXkMUGC3WwsPwLNVqVqnTJT6MNIB6e+5fhMcSCPP0AOsNWuMQ5mdCq6HNjs/ZeWAEchpqeprqBD2Q==",
      "dependencies": [
        "@emnapi/core",
        "@emnapi/runtime",
        "@tybys/wasm-util"
      ]
    },
    "@oxc-project/runtime@0.87.0": {
      "integrity": "sha512-ky2Hqi2q/uGX36UfY79zxMbUqiNIl1RyKKVJfFenG70lbn+/fcaKBVTbhmUwn8a2wPyv2gNtDQxuDytbKX9giQ=="
    },
    "@oxc-project/types@0.87.0": {
      "integrity": "sha512-ipZFWVGE9fADBVXXWJWY/cxpysc41Gt5upKDeb32F6WMgFyO7XETUMVq8UuREKCih+Km5E6p2VhEvf6Fuhey6g=="
    },
    "@rolldown/binding-android-arm64@1.0.0-beta.36": {
      "integrity": "sha512-0y4+MDSw9GzX4VZtATiygDv+OtijxsRtNBZW6qA3OUGi0fq6Gq+MnvFHMjdJxz3mv/thIHMmJ0AL7d8urYBCUw==",
      "os": ["android"],
      "cpu": ["arm64"]
    },
    "@rolldown/binding-darwin-arm64@1.0.0-beta.36": {
      "integrity": "sha512-F/xv0vsxXuwpyecy3GMpXPhRLI4WogQkSYYl6hh61OfmyX4lxsemSoYQ5nlK/MopdVaT111wS1dRO2eXgzBHuA==",
      "os": ["darwin"],
      "cpu": ["arm64"]
    },
    "@rolldown/binding-darwin-x64@1.0.0-beta.36": {
      "integrity": "sha512-FX3x/GSybYRt4/fUljqIMuB7JRJThxnwzjK9Ka4qKwSw92RNmxRtw+NEkpuKq/Tzcq5qpnvSWudKmjcbBSMH1g==",
      "os": ["darwin"],
      "cpu": ["x64"]
    },
    "@rolldown/binding-freebsd-x64@1.0.0-beta.36": {
      "integrity": "sha512-j7Y/OG4XxICRgGMLB7VVbROAzdnvtr0ZTBBYnv53KZESE97Ta4zXfGhEe+EiXLRKW8JWSMeNumOaBrWAXDMiZQ==",
      "os": ["freebsd"],
      "cpu": ["x64"]
    },
    "@rolldown/binding-linux-arm-gnueabihf@1.0.0-beta.36": {
      "integrity": "sha512-j3rDknokIJZ+iVGjWw2cVRgKLmk9boUoHtp2k3Ba6p7vWIv+D/YypQKHxAayyzvUkxTBZsw64Ojq5/zrytRODA==",
      "os": ["linux"],
      "cpu": ["arm"]
    },
    "@rolldown/binding-linux-arm64-gnu@1.0.0-beta.36": {
      "integrity": "sha512-7Ds2nl3ZhC0eaSJnw7dQ5uCK1cmaBKC+EL7IIpjTpzqY10y1xCn5w6gTFKzpqKhD2nSraY4MHOyAnE+zmSAZRA==",
      "os": ["linux"],
      "cpu": ["arm64"]
    },
    "@rolldown/binding-linux-arm64-musl@1.0.0-beta.36": {
      "integrity": "sha512-0Qa4b3gv956iSdJQplV1xdI9ALbEdNo5xsFpcLU4mW2A+CqWNenVHqcHbCvwvKTP07yX6yoUvUqZR1CBxxQShg==",
      "os": ["linux"],
      "cpu": ["arm64"]
    },
    "@rolldown/binding-linux-x64-gnu@1.0.0-beta.36": {
      "integrity": "sha512-wUdZljtx9W1V9KlnmwPgF0o2ZPFq2zffr/q+wM+GUrSFIJNmP9w0zgyl1coCt1ESnNyYYyJh8T1bqvx8+16SqA==",
      "os": ["linux"],
      "cpu": ["x64"]
    },
    "@rolldown/binding-linux-x64-musl@1.0.0-beta.36": {
      "integrity": "sha512-Up56sJMDSKYi92/28lq9xB2wonuCwVnqBzjRnKmQauZJ5QOor9h1RtcMeCzSxg4ReMsNvrdYomBogewcZgKEww==",
      "os": ["linux"],
      "cpu": ["x64"]
    },
    "@rolldown/binding-openharmony-arm64@1.0.0-beta.36": {
      "integrity": "sha512-qX3covX7EX00yrgQl3oi8GuRTS1XFe+YHm+sGsxQvPok+r7Ct2eDFpLmmw7wajZ2SuvAJYSo/9BXLSCGR0ve2w==",
      "os": ["openharmony"],
      "cpu": ["arm64"]
    },
    "@rolldown/binding-wasm32-wasi@1.0.0-beta.36": {
      "integrity": "sha512-phFsiR97/nbQEtyo5GTPX4h/Ootz0Pdd7P7+gTmkiashePwPUik5aoMAluvzY1tTUAfhdrFR2Y8WiWbnxnsSrQ==",
      "dependencies": [
        "@napi-rs/wasm-runtime"
      ],
      "cpu": ["wasm32"]
    },
    "@rolldown/binding-win32-arm64-msvc@1.0.0-beta.36": {
      "integrity": "sha512-dvvByfl7TRVhD9zY/VJ94hOVJmpN8Cfxl/A77yJ/oKV67IPEXx9hRUIhuL/V9eJ0RphNbLo4VKxdVuZ+wzEWTA==",
      "os": ["win32"],
      "cpu": ["arm64"]
    },
    "@rolldown/binding-win32-ia32-msvc@1.0.0-beta.36": {
      "integrity": "sha512-n7odfY4zatppNGY/EE8wE8B78wIxlQzBaY7Ycyjun+HvYu4dJgz8A4JCKHhyYYoEA8+VXO167Or4EJ9SyBLNnw==",
      "os": ["win32"],
      "cpu": ["ia32"]
    },
    "@rolldown/binding-win32-x64-msvc@1.0.0-beta.36": {
      "integrity": "sha512-ik9dlOa/bhRk+8NmbqCEZm9BBPy5UfSOg/Y6cAQac29Aw2/uoyoBbFUBFUKMsvfLg8F0dNxUOsT3IcVlfOJu0g==",
      "os": ["win32"],
      "cpu": ["x64"]
    },
    "@rolldown/pluginutils@1.0.0-beta.36": {
      "integrity": "sha512-qa+gfzhv0/Xv52zZInENLu6JbsnSjSExD7kTaNm7Qn5LUIH6IQb7l9pB+NrsU5/Bvt9aqcBTdRGc7x1DYMTiqQ=="
    },
    "@tybys/wasm-util@0.10.0": {
      "integrity": "sha512-VyyPYFlOMNylG45GoAe0xDoLwWuowvf92F9kySqzYh8vmYm7D2u4iUJKa1tOUpS70Ku13ASrOkS4ScXFsTaCNQ==",
      "dependencies": [
        "tslib"
      ]
    },
    "@types/node@24.2.0": {
      "integrity": "sha512-3xyG3pMCq3oYCNg7/ZP+E1ooTaGB4cG8JWRsqqOYQdbWNY4zbaV0Ennrd7stjiJEFZCaybcIgpTjJWHRfBSIDw==",
      "dependencies": [
        "undici-types"
      ]
    },
    "@types/pg@8.15.5": {
      "integrity": "sha512-LF7lF6zWEKxuT3/OR8wAZGzkg4ENGXFNyiV/JeOt9z5B+0ZVwbql9McqX5c/WStFq1GaGso7H1AzP/qSzmlCKQ==",
      "dependencies": [
        "@types/node",
        "pg-protocol",
        "pg-types"
      ]
    },
    "ansis@4.1.0": {
      "integrity": "sha512-BGcItUBWSMRgOCe+SVZJ+S7yTRG0eGt9cXAHev72yuGcY23hnLA7Bky5L/xLyPINoSN95geovfBkqoTlNZYa7w=="
    },
    "pg-cloudflare@1.2.7": {
      "integrity": "sha512-YgCtzMH0ptvZJslLM1ffsY4EuGaU0cx4XSdXLRFae8bPP4dS5xL1tNB3k2o/N64cHJpwU7dxKli/nZ2lUa5fLg=="
    },
    "pg-connection-string@2.9.1": {
      "integrity": "sha512-nkc6NpDcvPVpZXxrreI/FOtX3XemeLl8E0qFr6F2Lrm/I8WOnaWNhIPK2Z7OHpw7gh5XJThi6j6ppgNoaT1w4w=="
    },
    "pg-int8@1.0.1": {
      "integrity": "sha512-WCtabS6t3c8SkpDBUlb1kjOs7l66xsGdKpIPZsg4wR+B3+u9UAum2odSsF9tnvxg80h4ZxLWMy4pRjOsFIqQpw=="
    },
    "pg-pool@3.10.1_pg@8.16.3": {
      "integrity": "sha512-Tu8jMlcX+9d8+QVzKIvM/uJtp07PKr82IUOYEphaWcoBhIYkoHpLXN3qO59nAI11ripznDsEzEv8nUxBVWajGg==",
      "dependencies": [
        "pg"
      ]
    },
    "pg-protocol@1.10.3": {
      "integrity": "sha512-6DIBgBQaTKDJyxnXaLiLR8wBpQQcGWuAESkRBX/t6OwA8YsqP+iVSiond2EDy6Y/dsGk8rh/jtax3js5NeV7JQ=="
    },
    "pg-types@2.2.0": {
      "integrity": "sha512-qTAAlrEsl8s4OiEQY69wDvcMIdQN6wdz5ojQiOy6YRMuynxenON0O5oCpJI6lshc6scgAY8qvJ2On/p+CXY0GA==",
      "dependencies": [
        "pg-int8",
        "postgres-array",
        "postgres-bytea",
        "postgres-date",
        "postgres-interval"
      ]
    },
    "pg@8.16.3": {
      "integrity": "sha512-enxc1h0jA/aq5oSDMvqyW3q89ra6XIIDZgCX9vkMrnz5DFTw/Ny3Li2lFQ+pt3L6MCgm/5o2o8HW9hiJji+xvw==",
      "dependencies": [
        "pg-connection-string",
        "pg-pool",
        "pg-protocol",
        "pg-types",
        "pgpass"
      ],
      "optionalDependencies": [
        "pg-cloudflare"
      ]
    },
    "pgpass@1.0.5": {
      "integrity": "sha512-FdW9r/jQZhSeohs1Z3sI1yxFQNFvMcnmfuj4WBMUTxOrAyLMaTcE1aAMBiTlbMNaXvBCQuVi0R7hd8udDSP7ug==",
      "dependencies": [
        "split2"
      ]
    },
    "postgres-array@2.0.0": {
      "integrity": "sha512-VpZrUqU5A69eQyW2c5CA1jtLecCsN2U/bD6VilrFDWq5+5UIEVO7nazS3TEcHf1zuPYO/sqGvUvW62g86RXZuA=="
    },
    "postgres-bytea@1.0.0": {
      "integrity": "sha512-xy3pmLuQqRBZBXDULy7KbaitYqLcmxigw14Q5sj8QBVLqEwXfeybIKVWiqAXTlcvdvb0+xkOtDbfQMOf4lST1w=="
    },
    "postgres-date@1.0.7": {
      "integrity": "sha512-suDmjLVQg78nMK2UZ454hAG+OAW+HQPZ6n++TNDUX+L0+uUlLywnoxJKDou51Zm+zTCjrCl0Nq6J9C5hP9vK/Q=="
    },
    "postgres-interval@1.2.0": {
      "integrity": "sha512-9ZhXKM/rw350N1ovuWHbGxnGh/SNJ4cnxHiM0rxE4VN41wsg8P8zWn9hv/buK00RP4WvlOyr/RBDiptyxVbkZQ==",
      "dependencies": [
        "xtend"
      ]
    },
    "preact-render-to-string@6.5.13_preact@10.27.0": {
      "integrity": "sha512-iGPd+hKPMFKsfpR2vL4kJ6ZPcFIoWZEcBf0Dpm3zOpdVvj77aY8RlLiQji5OMrngEyaxGogeakTb54uS2FvA6w==",
      "dependencies": [
        "preact"
      ]
    },
    "preact@10.27.0": {
      "integrity": "sha512-/DTYoB6mwwgPytiqQTh/7SFRL98ZdiD8Sk8zIUVOxtwq4oWcwrcd1uno9fE/zZmUaUrFNYzbH14CPebOz9tZQw=="
    },
    "rolldown@1.0.0-beta.36": {
      "integrity": "sha512-eethnJ/UfQWg2VWBDDMEu7IDvEh4WPbPb1azPWDCHcuOwoPT9C2NT4Y/ecZztCl9OBzXoA+CXXb5MS+qbukAig==",
      "dependencies": [
        "@oxc-project/runtime",
        "@oxc-project/types",
        "@rolldown/pluginutils",
        "ansis"
      ],
      "optionalDependencies": [
        "@rolldown/binding-android-arm64",
        "@rolldown/binding-darwin-arm64",
        "@rolldown/binding-darwin-x64",
        "@rolldown/binding-freebsd-x64",
        "@rolldown/binding-linux-arm-gnueabihf",
        "@rolldown/binding-linux-arm64-gnu",
        "@rolldown/binding-linux-arm64-musl",
        "@rolldown/binding-linux-x64-gnu",
        "@rolldown/binding-linux-x64-musl",
        "@rolldown/binding-openharmony-arm64",
        "@rolldown/binding-wasm32-wasi",
        "@rolldown/binding-win32-arm64-msvc",
        "@rolldown/binding-win32-ia32-msvc",
        "@rolldown/binding-win32-x64-msvc"
      ],
      "bin": true
    },
    "split2@4.2.0": {
      "integrity": "sha512-UcjcJOWknrNkF6PLX83qcHM6KHgVKNkV62Y8a5uYDVv9ydGQVwAHMKqHdJje1VTWpljG0WYpCDhrCdAOYH4TWg=="
    },
    "tslib@2.8.1": {
      "integrity": "sha512-oJFu94HQb+KVduSUQL7wnpmqnfmLsOA/nAh6b6EH0wCEoK0/mPeXU6c3wKDV83MkOuHPRHtSXKKU99IBazS/2w=="
    },
    "undici-types@7.10.0": {
      "integrity": "sha512-t5Fy/nfn+14LuOc2KNYg75vZqClpAiqscVvMygNnlsHBFpSXdJaYtXMcdNLpl/Qvc3P2cB3s6lOV51nqsFq4ag=="
    },
    "xtend@4.0.2": {
      "integrity": "sha512-LKYU1iAXJXUgAXn9URjiu+MWhyUXHsvfp7mcuYm9dSUKK0/CjtrUwFAxD82/mCWbtLsGjFIad0wIsod4zrTAEQ=="
    }
  },
  "workspace": {
    "dependencies": [
      "jsr:@deno/rolldown-plugin@*",
      "jsr:@std/assert@1",
      "jsr:@std/dotenv@*",
      "jsr:@std/http@*",
      "jsr:@zod/zod@4",
      "npm:pg@8",
      "npm:preact-render-to-string@6",
      "npm:preact@10",
      "npm:rolldown@*"
    ]
  }
}
